
Microsoft Visual Studio Solution File, Format Version 12.00
# Visual Studio 15
VisualStudioVersion = 15.0.27428.2005
MinimumVisualStudioVersion = 10.0.40219.1
Project("{FAE04EC0-301F-11D3-BF4B-00C04F79EFBC}") = "TestBot", "TestBot\TestBot.csproj", "{6BDC5E7A-B9E5-437E-BD77-32D0FD3013BB}"
EndProject
Global
	GlobalSection(SolutionConfigurationPlatforms) = preSolution
		Debug|Any CPU = Debug|Any CPU
		Release|Any CPU = Release|Any CPU
	EndGlobalSection
	GlobalSection(ProjectConfigurationPlatforms) = postSolution
		{6BDC5E7A-B9E5-437E-BD77-32D0FD3013BB}.Debug|Any CPU.ActiveCfg = Debug|Any CPU
		{6BDC5E7A-B9E5-437E-BD77-32D0FD3013BB}.Debug|Any CPU.Build.0 = Debug|Any CPU
		{6BDC5E7A-B9E5-437E-BD77-32D0FD3013BB}.Release|Any CPU.ActiveCfg = Release|Any CPU
		{6BDC5E7A-B9E5-437E-BD77-32D0FD3013BB}.Release|Any CPU.Build.0 = Release|Any CPU
	EndGlobalSection
	GlobalSection(SolutionProperties) = preSolution
		HideSolutionNode = FALSE
	EndGlobalSection
	GlobalSection(ExtensibilityGlobals) = postSolution
		SolutionGuid = {8F959B32-B71F-46CE-BE7A-BF840C400FBB}
	EndGlobalSection
EndGlobal
